
Microsoft Visual Studio Solution File, Format Version 12.00
# Visual Studio Version 17
VisualStudioVersion = 17.5.33530.505
MinimumVisualStudioVersion = 10.0.40219.1
Project("{9A19103F-16F7-4668-BE54-9A1E7A4F7556}") = "CurrencyApp.EFCore", "Currency.Core\CurrencyApp.EFCore.csproj", "{4C4B4665-EC78-4B56-B2A0-3B35B5853F0A}"
EndProject
Project("{9A19103F-16F7-4668-BE54-9A1E7A4F7556}") = "CurrencyBlazor", "Currency.App\CurrencyBlazor\CurrencyBlazor.csproj", "{2DE5F88E-5C32-4ED9-BD5F-DB1DB177FD9E}"
EndProject
Global
	GlobalSection(SolutionConfigurationPlatforms) = preSolution
		Debug|Any CPU = Debug|Any CPU
		Release|Any CPU = Release|Any CPU
	EndGlobalSection
	GlobalSection(ProjectConfigurationPlatforms) = postSolution
		{4C4B4665-EC78-4B56-B2A0-3B35B5853F0A}.Debug|Any CPU.ActiveCfg = Debug|Any CPU
		{4C4B4665-EC78-4B56-B2A0-3B35B5853F0A}.Debug|Any CPU.Build.0 = Debug|Any CPU
		{4C4B4665-EC78-4B56-B2A0-3B35B5853F0A}.Release|Any CPU.ActiveCfg = Release|Any CPU
		{4C4B4665-EC78-4B56-B2A0-3B35B5853F0A}.Release|Any CPU.Build.0 = Release|Any CPU
		{2DE5F88E-5C32-4ED9-BD5F-DB1DB177FD9E}.Debug|Any CPU.ActiveCfg = Debug|Any CPU
		{2DE5F88E-5C32-4ED9-BD5F-DB1DB177FD9E}.Debug|Any CPU.Build.0 = Debug|Any CPU
		{2DE5F88E-5C32-4ED9-BD5F-DB1DB177FD9E}.Release|Any CPU.ActiveCfg = Release|Any CPU
		{2DE5F88E-5C32-4ED9-BD5F-DB1DB177FD9E}.Release|Any CPU.Build.0 = Release|Any CPU
	EndGlobalSection
	GlobalSection(SolutionProperties) = preSolution
		HideSolutionNode = FALSE
	EndGlobalSection
	GlobalSection(ExtensibilityGlobals) = postSolution
		SolutionGuid = {679F96B7-49E5-468A-BF16-D77400BC6D26}
	EndGlobalSection
EndGlobal
